// !$*UTF8*$!
{
	archiveVersion = 1;
	classes = {
	};
	objectVersion = 70;
	objects = {

/* Begin PBXBuildFile section */
		650816452D7BA686000F8B68 /* Settings.bundle in Resources */ = {isa = PBXBuildFile; fileRef = 650816442D7BA686000F8B68 /* Settings.bundle */; };
		65195E842C5BCB2400D4BE8B /* ButtonsModel.swift in Sources */ = {isa = PBXBuildFile; fileRef = 65195E832C5BCB2400D4BE8B /* ButtonsModel.swift */; };
		652EA18A2C8B57CA00DD6803 /* BasicHistoryController.swift in Sources */ = {isa = PBXBuildFile; fileRef = 652EA1892C8B57CA00DD6803 /* BasicHistoryController.swift */; };
		65464A762CB7DEA3008AB2AD /* PickerModel.swift in Sources */ = {isa = PBXBuildFile; fileRef = 65464A752CB7DE9E008AB2AD /* PickerModel.swift */; };
		654EB3352D5F91EB00BA2C3A /* LabelFormattingManager.swift in Sources */ = {isa = PBXBuildFile; fileRef = 654EB3342D5F91DF00BA2C3A /* LabelFormattingManager.swift */; };
		6551081D2D57C55400ADF404 /* UnitsModel.swift in Sources */ = {isa = PBXBuildFile; fileRef = 6551081C2D57C54200ADF404 /* UnitsModel.swift */; };
		655151EF2D2D6FD7000B99D8 /* PillboxView in Frameworks */ = {isa = PBXBuildFile; productRef = 655151EE2D2D6FD7000B99D8 /* PillboxView */; };
		6557D71F2CAB247800381649 /* SettingsViewController.swift in Sources */ = {isa = PBXBuildFile; fileRef = 6557D71E2CAB247800381649 /* SettingsViewController.swift */; };
		655BC2D72D5F956A0096AB38 /* ResolutionViewController.swift in Sources */ = {isa = PBXBuildFile; fileRef = 655BC2D62D5F956A0096AB38 /* ResolutionViewController.swift */; };
		655BC2D92D5F958C0096AB38 /* DataViewController.swift in Sources */ = {isa = PBXBuildFile; fileRef = 655BC2D82D5F958C0096AB38 /* DataViewController.swift */; };
		656569672C7B37B8001D1F2B /* CopyLabel.swift in Sources */ = {isa = PBXBuildFile; fileRef = 656569662C7B37B8001D1F2B /* CopyLabel.swift */; };
		65706BC52CAE7D1E0033398C /* IconManager.swift in Sources */ = {isa = PBXBuildFile; fileRef = 65706BC42CAE7D1E0033398C /* IconManager.swift */; };
		6590AA3E2D2D7C3200B969EC /* PillboxView in Frameworks */ = {isa = PBXBuildFile; productRef = 6590AA3D2D2D7C3200B969EC /* PillboxView */; };
		6594D9052C5FC26D00218F02 /* ButtonCell.swift in Sources */ = {isa = PBXBuildFile; fileRef = 6594D9042C5FC26D00218F02 /* ButtonCell.swift */; };
		659536072C7B43FF0036D99D /* PasteLabel.swift in Sources */ = {isa = PBXBuildFile; fileRef = 659536062C7B43FF0036D99D /* PasteLabel.swift */; };
		659B700D2D969A0A00214456 /* TimeHistoryController.swift in Sources */ = {isa = PBXBuildFile; fileRef = 659B700C2D969A0A00214456 /* TimeHistoryController.swift */; };
		659B700F2D96A48A00214456 /* SpeedHistoryController.swift in Sources */ = {isa = PBXBuildFile; fileRef = 659B700E2D96A48A00214456 /* SpeedHistoryController.swift */; };
		659B70112D96AA0F00214456 /* MassHistoryController.swift in Sources */ = {isa = PBXBuildFile; fileRef = 659B70102D96AA0F00214456 /* MassHistoryController.swift */; };
		659B70132D96ADB300214456 /* CountHistoryController.swift in Sources */ = {isa = PBXBuildFile; fileRef = 659B70122D96ADB300214456 /* CountHistoryController.swift */; };
		659B70172D96AE9700214456 /* DataHistoryController.swift in Sources */ = {isa = PBXBuildFile; fileRef = 659B70162D96AE9700214456 /* DataHistoryController.swift */; };
		659C6A6A2D58F084007995D5 /* AnimationManager.swift in Sources */ = {isa = PBXBuildFile; fileRef = 659C6A692D58F074007995D5 /* AnimationManager.swift */; };
		659EE34A2C93690600B39776 /* CoreDataManager.swift in Sources */ = {isa = PBXBuildFile; fileRef = 659EE3492C93690600B39776 /* CoreDataManager.swift */; };
		65A98AB62D822663002B76B9 /* LengthHistoryController.swift in Sources */ = {isa = PBXBuildFile; fileRef = 65A98AB52D822663002B76B9 /* LengthHistoryController.swift */; };
		65B288182D4A8E4B00A84FC7 /* Localizable.xcstrings in Resources */ = {isa = PBXBuildFile; fileRef = 65B288172D4A8E4B00A84FC7 /* Localizable.xcstrings */; };
		65B2883C2D4ABB3300A84FC7 /* Main.storyboard in Resources */ = {isa = PBXBuildFile; fileRef = 65DFA3EA2C5A9B6A0090F4CE /* Main.storyboard */; };
		65B689512C620FFD005259E7 /* BasicViewController.swift in Sources */ = {isa = PBXBuildFile; fileRef = 65B689502C620FFD005259E7 /* BasicViewController.swift */; };
		65B689532C6246EF005259E7 /* NavigationController.swift in Sources */ = {isa = PBXBuildFile; fileRef = 65B689522C6246EF005259E7 /* NavigationController.swift */; };
		65B689562C628140005259E7 /* ScientificViewController.swift in Sources */ = {isa = PBXBuildFile; fileRef = 65B689552C628140005259E7 /* ScientificViewController.swift */; };
		65B689582C6285AF005259E7 /* CurrencyViewController.swift in Sources */ = {isa = PBXBuildFile; fileRef = 65B689572C6285AF005259E7 /* CurrencyViewController.swift */; };
		65B6895A2C6285C7005259E7 /* CryptoViewController.swift in Sources */ = {isa = PBXBuildFile; fileRef = 65B689592C6285C7005259E7 /* CryptoViewController.swift */; };
		65B6895C2C6285D9005259E7 /* LengthViewController.swift in Sources */ = {isa = PBXBuildFile; fileRef = 65B6895B2C6285D9005259E7 /* LengthViewController.swift */; };
		65B6895E2C6285F1005259E7 /* AreaViewController.swift in Sources */ = {isa = PBXBuildFile; fileRef = 65B6895D2C6285F1005259E7 /* AreaViewController.swift */; };
		65B689602C62864A005259E7 /* VolumeViewController.swift in Sources */ = {isa = PBXBuildFile; fileRef = 65B6895F2C62864A005259E7 /* VolumeViewController.swift */; };
		65B689622C628661005259E7 /* TemperatureViewController.swift in Sources */ = {isa = PBXBuildFile; fileRef = 65B689612C628661005259E7 /* TemperatureViewController.swift */; };
		65B689682C628B74005259E7 /* DateViewController.swift in Sources */ = {isa = PBXBuildFile; fileRef = 65B689672C628B74005259E7 /* DateViewController.swift */; };
		65B6896A2C628B84005259E7 /* AgeViewController.swift in Sources */ = {isa = PBXBuildFile; fileRef = 65B689692C628B84005259E7 /* AgeViewController.swift */; };
		65B6896C2C628B99005259E7 /* TimeViewController.swift in Sources */ = {isa = PBXBuildFile; fileRef = 65B6896B2C628B99005259E7 /* TimeViewController.swift */; };
		65B6896E2C628BD3005259E7 /* SpeedViewController.swift in Sources */ = {isa = PBXBuildFile; fileRef = 65B6896D2C628BD3005259E7 /* SpeedViewController.swift */; };
		65B689702C628BE5005259E7 /* MassViewController.swift in Sources */ = {isa = PBXBuildFile; fileRef = 65B6896F2C628BE5005259E7 /* MassViewController.swift */; };
		65B689722C628BF7005259E7 /* DiscountViewController.swift in Sources */ = {isa = PBXBuildFile; fileRef = 65B689712C628BF7005259E7 /* DiscountViewController.swift */; };
		65B689742C628C0B005259E7 /* InvestmentViewController.swift in Sources */ = {isa = PBXBuildFile; fileRef = 65B689732C628C0B005259E7 /* InvestmentViewController.swift */; };
		65B689772C628D57005259E7 /* LoanViewController.swift in Sources */ = {isa = PBXBuildFile; fileRef = 65B689762C628D57005259E7 /* LoanViewController.swift */; };
		65B689792C628D8E005259E7 /* TipsViewController.swift in Sources */ = {isa = PBXBuildFile; fileRef = 65B689782C628D8E005259E7 /* TipsViewController.swift */; };
		65B6897B2C628DA3005259E7 /* BmiViewController.swift in Sources */ = {isa = PBXBuildFile; fileRef = 65B6897A2C628DA3005259E7 /* BmiViewController.swift */; };
		65B689812C628E22005259E7 /* CountViewController.swift in Sources */ = {isa = PBXBuildFile; fileRef = 65B689802C628E22005259E7 /* CountViewController.swift */; };
		65BFBB4B2CB2DE2700074527 /* TintModel.swift in Sources */ = {isa = PBXBuildFile; fileRef = 65BFBB4A2CB2DE2700074527 /* TintModel.swift */; };
		65C51EA02CAEEA7600A2D164 /* IconsModel.swift in Sources */ = {isa = PBXBuildFile; fileRef = 65C51E9F2CAEEA7600A2D164 /* IconsModel.swift */; };
		65C51EA42CAF17F900A2D164 /* IconCell.swift in Sources */ = {isa = PBXBuildFile; fileRef = 65C51EA32CAF17F900A2D164 /* IconCell.swift */; };
		65DAAAE42DB26AF400023DBD /* GestureManager.swift in Sources */ = {isa = PBXBuildFile; fileRef = 65DAAAE32DB26AF400023DBD /* GestureManager.swift */; };
		65DFA3E52C5A9B6A0090F4CE /* AppDelegate.swift in Sources */ = {isa = PBXBuildFile; fileRef = 65DFA3E42C5A9B6A0090F4CE /* AppDelegate.swift */; };
		65DFA3E72C5A9B6A0090F4CE /* SceneDelegate.swift in Sources */ = {isa = PBXBuildFile; fileRef = 65DFA3E62C5A9B6A0090F4CE /* SceneDelegate.swift */; };
		65DFA3E92C5A9B6A0090F4CE /* ViewController.swift in Sources */ = {isa = PBXBuildFile; fileRef = 65DFA3E82C5A9B6A0090F4CE /* ViewController.swift */; };
		65DFA3EF2C5A9B6A0090F4CE /* Better_Calc.xcdatamodeld in Sources */ = {isa = PBXBuildFile; fileRef = 65DFA3ED2C5A9B6A0090F4CE /* Better_Calc.xcdatamodeld */; };
		65DFA3F12C5A9B6B0090F4CE /* Assets.xcassets in Resources */ = {isa = PBXBuildFile; fileRef = 65DFA3F02C5A9B6B0090F4CE /* Assets.xcassets */; };
		65DFA3F42C5A9B6B0090F4CE /* Base in Resources */ = {isa = PBXBuildFile; fileRef = 65DFA3F32C5A9B6B0090F4CE /* Base */; };
		65EE7A312D95A521006F2F84 /* TemperatureHistoryController.swift in Sources */ = {isa = PBXBuildFile; fileRef = 65EE7A302D95A521006F2F84 /* TemperatureHistoryController.swift */; };
		65F119BA2D95472500B2EDB7 /* AreaHistoryController.swift in Sources */ = {isa = PBXBuildFile; fileRef = 65F119B92D95472500B2EDB7 /* AreaHistoryController.swift */; };
		65F119BC2D95A0E400B2EDB7 /* VolumeHistoryController.swift in Sources */ = {isa = PBXBuildFile; fileRef = 65F119BB2D95A0E400B2EDB7 /* VolumeHistoryController.swift */; };
		65FDD8DB2DB1095800A1A6E3 /* WidgetKit.framework in Frameworks */ = {isa = PBXBuildFile; fileRef = 65FDD8DA2DB1095800A1A6E3 /* WidgetKit.framework */; };
		65FDD8DD2DB1095800A1A6E3 /* SwiftUI.framework in Frameworks */ = {isa = PBXBuildFile; fileRef = 65FDD8DC2DB1095800A1A6E3 /* SwiftUI.framework */; };
		65FDD8EE2DB1095900A1A6E3 /* BetterCalcControlWidgetExtension.appex in Embed Foundation Extensions */ = {isa = PBXBuildFile; fileRef = 65FDD8D82DB1095800A1A6E3 /* BetterCalcControlWidgetExtension.appex */; settings = {ATTRIBUTES = (RemoveHeadersOnCopy, ); }; };
		65FDD8F52DB11CEF00A1A6E3 /* Assets.xcassets in Resources */ = {isa = PBXBuildFile; fileRef = 65DFA3F02C5A9B6B0090F4CE /* Assets.xcassets */; };
/* End PBXBuildFile section */

/* Begin PBXContainerItemProxy section */
		65FDD8EC2DB1095900A1A6E3 /* PBXContainerItemProxy */ = {
			isa = PBXContainerItemProxy;
			containerPortal = 65DFA3D92C5A9B6A0090F4CE /* Project object */;
			proxyType = 1;
			remoteGlobalIDString = 65FDD8D72DB1095800A1A6E3;
			remoteInfo = BetterCalcControlWidgetExtension;
		};
/* End PBXContainerItemProxy section */

/* Begin PBXCopyFilesBuildPhase section */
		65FDD8EF2DB1095900A1A6E3 /* Embed Foundation Extensions */ = {
			isa = PBXCopyFilesBuildPhase;
			buildActionMask = 2147483647;
			dstPath = "";
			dstSubfolderSpec = 13;
			files = (
				65FDD8EE2DB1095900A1A6E3 /* BetterCalcControlWidgetExtension.appex in Embed Foundation Extensions */,
			);
			name = "Embed Foundation Extensions";
			runOnlyForDeploymentPostprocessing = 0;
		};
/* End PBXCopyFilesBuildPhase section */

/* Begin PBXFileReference section */
		650816442D7BA686000F8B68 /* Settings.bundle */ = {isa = PBXFileReference; lastKnownFileType = "wrapper.plug-in"; path = Settings.bundle; sourceTree = "<group>"; };
		65195E832C5BCB2400D4BE8B /* ButtonsModel.swift */ = {isa = PBXFileReference; lastKnownFileType = sourcecode.swift; path = ButtonsModel.swift; sourceTree = "<group>"; };
		652EA1892C8B57CA00DD6803 /* BasicHistoryController.swift */ = {isa = PBXFileReference; lastKnownFileType = sourcecode.swift; path = BasicHistoryController.swift; sourceTree = "<group>"; };
		65464A752CB7DE9E008AB2AD /* PickerModel.swift */ = {isa = PBXFileReference; lastKnownFileType = sourcecode.swift; path = PickerModel.swift; sourceTree = "<group>"; };
		654EB3342D5F91DF00BA2C3A /* LabelFormattingManager.swift */ = {isa = PBXFileReference; lastKnownFileType = sourcecode.swift; path = LabelFormattingManager.swift; sourceTree = "<group>"; };
		6551081C2D57C54200ADF404 /* UnitsModel.swift */ = {isa = PBXFileReference; lastKnownFileType = sourcecode.swift; path = UnitsModel.swift; sourceTree = "<group>"; };
		6557D71E2CAB247800381649 /* SettingsViewController.swift */ = {isa = PBXFileReference; lastKnownFileType = sourcecode.swift; path = SettingsViewController.swift; sourceTree = "<group>"; };
		655BC2D62D5F956A0096AB38 /* ResolutionViewController.swift */ = {isa = PBXFileReference; lastKnownFileType = sourcecode.swift; path = ResolutionViewController.swift; sourceTree = "<group>"; };
		655BC2D82D5F958C0096AB38 /* DataViewController.swift */ = {isa = PBXFileReference; lastKnownFileType = sourcecode.swift; path = DataViewController.swift; sourceTree = "<group>"; };
		656569662C7B37B8001D1F2B /* CopyLabel.swift */ = {isa = PBXFileReference; lastKnownFileType = sourcecode.swift; path = CopyLabel.swift; sourceTree = "<group>"; };
		65706BC42CAE7D1E0033398C /* IconManager.swift */ = {isa = PBXFileReference; lastKnownFileType = sourcecode.swift; path = IconManager.swift; sourceTree = "<group>"; };
		6594D9042C5FC26D00218F02 /* ButtonCell.swift */ = {isa = PBXFileReference; lastKnownFileType = sourcecode.swift; path = ButtonCell.swift; sourceTree = "<group>"; };
		659536062C7B43FF0036D99D /* PasteLabel.swift */ = {isa = PBXFileReference; lastKnownFileType = sourcecode.swift; path = PasteLabel.swift; sourceTree = "<group>"; };
		659B700C2D969A0A00214456 /* TimeHistoryController.swift */ = {isa = PBXFileReference; lastKnownFileType = sourcecode.swift; path = TimeHistoryController.swift; sourceTree = "<group>"; };
		659B700E2D96A48A00214456 /* SpeedHistoryController.swift */ = {isa = PBXFileReference; lastKnownFileType = sourcecode.swift; path = SpeedHistoryController.swift; sourceTree = "<group>"; };
		659B70102D96AA0F00214456 /* MassHistoryController.swift */ = {isa = PBXFileReference; lastKnownFileType = sourcecode.swift; path = MassHistoryController.swift; sourceTree = "<group>"; };
		659B70122D96ADB300214456 /* CountHistoryController.swift */ = {isa = PBXFileReference; lastKnownFileType = sourcecode.swift; path = CountHistoryController.swift; sourceTree = "<group>"; };
		659B70162D96AE9700214456 /* DataHistoryController.swift */ = {isa = PBXFileReference; lastKnownFileType = sourcecode.swift; path = DataHistoryController.swift; sourceTree = "<group>"; };
		659C6A692D58F074007995D5 /* AnimationManager.swift */ = {isa = PBXFileReference; lastKnownFileType = sourcecode.swift; path = AnimationManager.swift; sourceTree = "<group>"; };
		659EE3492C93690600B39776 /* CoreDataManager.swift */ = {isa = PBXFileReference; lastKnownFileType = sourcecode.swift; path = CoreDataManager.swift; sourceTree = "<group>"; };
		65A98AB52D822663002B76B9 /* LengthHistoryController.swift */ = {isa = PBXFileReference; lastKnownFileType = sourcecode.swift; path = LengthHistoryController.swift; sourceTree = "<group>"; };
		65AD668E2D9D99DA0000C562 /* uk */ = {isa = PBXFileReference; lastKnownFileType = text.plist.strings; name = uk; path = uk.lproj/Main.strings; sourceTree = "<group>"; };
		65B288172D4A8E4B00A84FC7 /* Localizable.xcstrings */ = {isa = PBXFileReference; lastKnownFileType = text.json.xcstrings; path = Localizable.xcstrings; sourceTree = "<group>"; };
		65B2881A2D4A93BA00A84FC7 /* uk */ = {isa = PBXFileReference; lastKnownFileType = text.plist.strings; name = uk; path = uk.lproj/LaunchScreen.strings; sourceTree = "<group>"; };
		65B2881B2D4A94B800A84FC7 /* fr */ = {isa = PBXFileReference; lastKnownFileType = text.plist.strings; name = fr; path = fr.lproj/Main.strings; sourceTree = "<group>"; };
		65B2881C2D4A94B800A84FC7 /* fr */ = {isa = PBXFileReference; lastKnownFileType = text.plist.strings; name = fr; path = fr.lproj/LaunchScreen.strings; sourceTree = "<group>"; };
		65B2881D2D4A94BC00A84FC7 /* de */ = {isa = PBXFileReference; lastKnownFileType = text.plist.strings; name = de; path = de.lproj/Main.strings; sourceTree = "<group>"; };
		65B2881E2D4A94BC00A84FC7 /* de */ = {isa = PBXFileReference; lastKnownFileType = text.plist.strings; name = de; path = de.lproj/LaunchScreen.strings; sourceTree = "<group>"; };
		65B2881F2D4A94C600A84FC7 /* it */ = {isa = PBXFileReference; lastKnownFileType = text.plist.strings; name = it; path = it.lproj/Main.strings; sourceTree = "<group>"; };
		65B288202D4A94C600A84FC7 /* it */ = {isa = PBXFileReference; lastKnownFileType = text.plist.strings; name = it; path = it.lproj/LaunchScreen.strings; sourceTree = "<group>"; };
		65B288212D4A954000A84FC7 /* es */ = {isa = PBXFileReference; lastKnownFileType = text.plist.strings; name = es; path = es.lproj/Main.strings; sourceTree = "<group>"; };
		65B288222D4A954000A84FC7 /* es */ = {isa = PBXFileReference; lastKnownFileType = text.plist.strings; name = es; path = es.lproj/LaunchScreen.strings; sourceTree = "<group>"; };
		65B288232D4A955B00A84FC7 /* nl */ = {isa = PBXFileReference; lastKnownFileType = text.plist.strings; name = nl; path = nl.lproj/Main.strings; sourceTree = "<group>"; };
		65B288242D4A955B00A84FC7 /* nl */ = {isa = PBXFileReference; lastKnownFileType = text.plist.strings; name = nl; path = nl.lproj/LaunchScreen.strings; sourceTree = "<group>"; };
		65B288252D4A956000A84FC7 /* pl */ = {isa = PBXFileReference; lastKnownFileType = text.plist.strings; name = pl; path = pl.lproj/Main.strings; sourceTree = "<group>"; };
		65B288262D4A956000A84FC7 /* pl */ = {isa = PBXFileReference; lastKnownFileType = text.plist.strings; name = pl; path = pl.lproj/LaunchScreen.strings; sourceTree = "<group>"; };
		65B288292D4A957700A84FC7 /* pt-PT */ = {isa = PBXFileReference; lastKnownFileType = text.plist.strings; name = "pt-PT"; path = "pt-PT.lproj/Main.strings"; sourceTree = "<group>"; };
		65B2882A2D4A957700A84FC7 /* pt-PT */ = {isa = PBXFileReference; lastKnownFileType = text.plist.strings; name = "pt-PT"; path = "pt-PT.lproj/LaunchScreen.strings"; sourceTree = "<group>"; };
		65B2882B2D4A957F00A84FC7 /* sv */ = {isa = PBXFileReference; lastKnownFileType = text.plist.strings; name = sv; path = sv.lproj/Main.strings; sourceTree = "<group>"; };
		65B2882C2D4A957F00A84FC7 /* sv */ = {isa = PBXFileReference; lastKnownFileType = text.plist.strings; name = sv; path = sv.lproj/LaunchScreen.strings; sourceTree = "<group>"; };
		65B2882D2D4A958400A84FC7 /* ja */ = {isa = PBXFileReference; lastKnownFileType = text.plist.strings; name = ja; path = ja.lproj/Main.strings; sourceTree = "<group>"; };
		65B2882E2D4A958400A84FC7 /* ja */ = {isa = PBXFileReference; lastKnownFileType = text.plist.strings; name = ja; path = ja.lproj/LaunchScreen.strings; sourceTree = "<group>"; };
		65B2882F2D4A959100A84FC7 /* zh-Hans */ = {isa = PBXFileReference; lastKnownFileType = text.plist.strings; name = "zh-Hans"; path = "zh-Hans.lproj/Main.strings"; sourceTree = "<group>"; };
		65B288302D4A959100A84FC7 /* zh-Hans */ = {isa = PBXFileReference; lastKnownFileType = text.plist.strings; name = "zh-Hans"; path = "zh-Hans.lproj/LaunchScreen.strings"; sourceTree = "<group>"; };
		65B288312D4A95C900A84FC7 /* ko */ = {isa = PBXFileReference; lastKnownFileType = text.plist.strings; name = ko; path = ko.lproj/Main.strings; sourceTree = "<group>"; };
		65B288322D4A95C900A84FC7 /* ko */ = {isa = PBXFileReference; lastKnownFileType = text.plist.strings; name = ko; path = ko.lproj/LaunchScreen.strings; sourceTree = "<group>"; };
		65B288352D4A961800A84FC7 /* tr */ = {isa = PBXFileReference; lastKnownFileType = text.plist.strings; name = tr; path = tr.lproj/Main.strings; sourceTree = "<group>"; };
		65B288362D4A961800A84FC7 /* tr */ = {isa = PBXFileReference; lastKnownFileType = text.plist.strings; name = tr; path = tr.lproj/LaunchScreen.strings; sourceTree = "<group>"; };
		65B288392D4A964400A84FC7 /* en */ = {isa = PBXFileReference; lastKnownFileType = text.plist.strings; name = en; path = en.lproj/Main.strings; sourceTree = "<group>"; };
		65B2883A2D4A964400A84FC7 /* en */ = {isa = PBXFileReference; lastKnownFileType = text.plist.strings; name = en; path = en.lproj/LaunchScreen.strings; sourceTree = "<group>"; };
		65B689502C620FFD005259E7 /* BasicViewController.swift */ = {isa = PBXFileReference; lastKnownFileType = sourcecode.swift; path = BasicViewController.swift; sourceTree = "<group>"; };
		65B689522C6246EF005259E7 /* NavigationController.swift */ = {isa = PBXFileReference; lastKnownFileType = sourcecode.swift; path = NavigationController.swift; sourceTree = "<group>"; };
		65B689552C628140005259E7 /* ScientificViewController.swift */ = {isa = PBXFileReference; lastKnownFileType = sourcecode.swift; path = ScientificViewController.swift; sourceTree = "<group>"; };
		65B689572C6285AF005259E7 /* CurrencyViewController.swift */ = {isa = PBXFileReference; lastKnownFileType = sourcecode.swift; path = CurrencyViewController.swift; sourceTree = "<group>"; };
		65B689592C6285C7005259E7 /* CryptoViewController.swift */ = {isa = PBXFileReference; lastKnownFileType = sourcecode.swift; path = CryptoViewController.swift; sourceTree = "<group>"; };
		65B6895B2C6285D9005259E7 /* LengthViewController.swift */ = {isa = PBXFileReference; lastKnownFileType = sourcecode.swift; path = LengthViewController.swift; sourceTree = "<group>"; };
		65B6895D2C6285F1005259E7 /* AreaViewController.swift */ = {isa = PBXFileReference; lastKnownFileType = sourcecode.swift; path = AreaViewController.swift; sourceTree = "<group>"; };
		65B6895F2C62864A005259E7 /* VolumeViewController.swift */ = {isa = PBXFileReference; lastKnownFileType = sourcecode.swift; path = VolumeViewController.swift; sourceTree = "<group>"; };
		65B689612C628661005259E7 /* TemperatureViewController.swift */ = {isa = PBXFileReference; lastKnownFileType = sourcecode.swift; path = TemperatureViewController.swift; sourceTree = "<group>"; };
		65B689672C628B74005259E7 /* DateViewController.swift */ = {isa = PBXFileReference; lastKnownFileType = sourcecode.swift; path = DateViewController.swift; sourceTree = "<group>"; };
		65B689692C628B84005259E7 /* AgeViewController.swift */ = {isa = PBXFileReference; lastKnownFileType = sourcecode.swift; path = AgeViewController.swift; sourceTree = "<group>"; };
		65B6896B2C628B99005259E7 /* TimeViewController.swift */ = {isa = PBXFileReference; lastKnownFileType = sourcecode.swift; path = TimeViewController.swift; sourceTree = "<group>"; };
		65B6896D2C628BD3005259E7 /* SpeedViewController.swift */ = {isa = PBXFileReference; lastKnownFileType = sourcecode.swift; path = SpeedViewController.swift; sourceTree = "<group>"; };
		65B6896F2C628BE5005259E7 /* MassViewController.swift */ = {isa = PBXFileReference; lastKnownFileType = sourcecode.swift; path = MassViewController.swift; sourceTree = "<group>"; };
		65B689712C628BF7005259E7 /* DiscountViewController.swift */ = {isa = PBXFileReference; lastKnownFileType = sourcecode.swift; path = DiscountViewController.swift; sourceTree = "<group>"; };
		65B689732C628C0B005259E7 /* InvestmentViewController.swift */ = {isa = PBXFileReference; lastKnownFileType = sourcecode.swift; path = InvestmentViewController.swift; sourceTree = "<group>"; };
		65B689762C628D57005259E7 /* LoanViewController.swift */ = {isa = PBXFileReference; lastKnownFileType = sourcecode.swift; path = LoanViewController.swift; sourceTree = "<group>"; };
		65B689782C628D8E005259E7 /* TipsViewController.swift */ = {isa = PBXFileReference; lastKnownFileType = sourcecode.swift; path = TipsViewController.swift; sourceTree = "<group>"; };
		65B6897A2C628DA3005259E7 /* BmiViewController.swift */ = {isa = PBXFileReference; lastKnownFileType = sourcecode.swift; path = BmiViewController.swift; sourceTree = "<group>"; };
		65B689802C628E22005259E7 /* CountViewController.swift */ = {isa = PBXFileReference; lastKnownFileType = sourcecode.swift; path = CountViewController.swift; sourceTree = "<group>"; };
		65BFBB4A2CB2DE2700074527 /* TintModel.swift */ = {isa = PBXFileReference; lastKnownFileType = sourcecode.swift; path = TintModel.swift; sourceTree = "<group>"; };
		65C51E9F2CAEEA7600A2D164 /* IconsModel.swift */ = {isa = PBXFileReference; lastKnownFileType = sourcecode.swift; path = IconsModel.swift; sourceTree = "<group>"; };
		65C51EA32CAF17F900A2D164 /* IconCell.swift */ = {isa = PBXFileReference; lastKnownFileType = sourcecode.swift; path = IconCell.swift; sourceTree = "<group>"; };
		65DAAAE32DB26AF400023DBD /* GestureManager.swift */ = {isa = PBXFileReference; lastKnownFileType = sourcecode.swift; path = GestureManager.swift; sourceTree = "<group>"; };
		65DFA3E12C5A9B6A0090F4CE /* Better Calc.app */ = {isa = PBXFileReference; explicitFileType = wrapper.application; includeInIndex = 0; path = "Better Calc.app"; sourceTree = BUILT_PRODUCTS_DIR; };
		65DFA3E42C5A9B6A0090F4CE /* AppDelegate.swift */ = {isa = PBXFileReference; lastKnownFileType = sourcecode.swift; path = AppDelegate.swift; sourceTree = "<group>"; };
		65DFA3E62C5A9B6A0090F4CE /* SceneDelegate.swift */ = {isa = PBXFileReference; lastKnownFileType = sourcecode.swift; path = SceneDelegate.swift; sourceTree = "<group>"; };
		65DFA3E82C5A9B6A0090F4CE /* ViewController.swift */ = {isa = PBXFileReference; lastKnownFileType = sourcecode.swift; path = ViewController.swift; sourceTree = "<group>"; };
		65DFA3EB2C5A9B6A0090F4CE /* Base */ = {isa = PBXFileReference; lastKnownFileType = file.storyboard; name = Base; path = Base.lproj/Main.storyboard; sourceTree = "<group>"; };
		65DFA3EE2C5A9B6A0090F4CE /* Better_Calc.xcdatamodel */ = {isa = PBXFileReference; lastKnownFileType = wrapper.xcdatamodel; path = Better_Calc.xcdatamodel; sourceTree = "<group>"; };
		65DFA3F02C5A9B6B0090F4CE /* Assets.xcassets */ = {isa = PBXFileReference; lastKnownFileType = folder.assetcatalog; path = Assets.xcassets; sourceTree = "<group>"; };
		65DFA3F32C5A9B6B0090F4CE /* Base */ = {isa = PBXFileReference; lastKnownFileType = file.storyboard; name = Base; path = Base.lproj/LaunchScreen.storyboard; sourceTree = "<group>"; };
		65DFA3F52C5A9B6B0090F4CE /* Info.plist */ = {isa = PBXFileReference; lastKnownFileType = text.plist.xml; path = Info.plist; sourceTree = "<group>"; };
		65EE7A302D95A521006F2F84 /* TemperatureHistoryController.swift */ = {isa = PBXFileReference; lastKnownFileType = sourcecode.swift; path = TemperatureHistoryController.swift; sourceTree = "<group>"; };
		65F119B92D95472500B2EDB7 /* AreaHistoryController.swift */ = {isa = PBXFileReference; lastKnownFileType = sourcecode.swift; path = AreaHistoryController.swift; sourceTree = "<group>"; };
		65F119BB2D95A0E400B2EDB7 /* VolumeHistoryController.swift */ = {isa = PBXFileReference; lastKnownFileType = sourcecode.swift; path = VolumeHistoryController.swift; sourceTree = "<group>"; };
		65FDD8D82DB1095800A1A6E3 /* BetterCalcControlWidgetExtension.appex */ = {isa = PBXFileReference; explicitFileType = "wrapper.app-extension"; includeInIndex = 0; path = BetterCalcControlWidgetExtension.appex; sourceTree = BUILT_PRODUCTS_DIR; };
		65FDD8DA2DB1095800A1A6E3 /* WidgetKit.framework */ = {isa = PBXFileReference; lastKnownFileType = wrapper.framework; name = WidgetKit.framework; path = System/Library/Frameworks/WidgetKit.framework; sourceTree = SDKROOT; };
		65FDD8DC2DB1095800A1A6E3 /* SwiftUI.framework */ = {isa = PBXFileReference; lastKnownFileType = wrapper.framework; name = SwiftUI.framework; path = System/Library/Frameworks/SwiftUI.framework; sourceTree = SDKROOT; };
/* End PBXFileReference section */

/* Begin PBXFileSystemSynchronizedBuildFileExceptionSet section */
		65FDD8F22DB1095900A1A6E3 /* PBXFileSystemSynchronizedBuildFileExceptionSet */ = {
			isa = PBXFileSystemSynchronizedBuildFileExceptionSet;
			membershipExceptions = (
				Info.plist,
			);
			target = 65FDD8D72DB1095800A1A6E3 /* BetterCalcControlWidgetExtension */;
		};
/* End PBXFileSystemSynchronizedBuildFileExceptionSet section */

/* Begin PBXFileSystemSynchronizedRootGroup section */
		65FDD8DE2DB1095800A1A6E3 /* BetterCalcControlWidget */ = {isa = PBXFileSystemSynchronizedRootGroup; exceptions = (65FDD8F22DB1095900A1A6E3 /* PBXFileSystemSynchronizedBuildFileExceptionSet */, ); explicitFileTypes = {}; explicitFolders = (); path = BetterCalcControlWidget; sourceTree = "<group>"; };
/* End PBXFileSystemSynchronizedRootGroup section */

/* Begin PBXFrameworksBuildPhase section */
		65DFA3DE2C5A9B6A0090F4CE /* Frameworks */ = {
			isa = PBXFrameworksBuildPhase;
			buildActionMask = 2147483647;
			files = (
				6590AA3E2D2D7C3200B969EC /* PillboxView in Frameworks */,
				655151EF2D2D6FD7000B99D8 /* PillboxView in Frameworks */,
			);
			runOnlyForDeploymentPostprocessing = 0;
		};
		65FDD8D52DB1095800A1A6E3 /* Frameworks */ = {
			isa = PBXFrameworksBuildPhase;
			buildActionMask = 2147483647;
			files = (
				65FDD8DD2DB1095800A1A6E3 /* SwiftUI.framework in Frameworks */,
				65FDD8DB2DB1095800A1A6E3 /* WidgetKit.framework in Frameworks */,
			);
			runOnlyForDeploymentPostprocessing = 0;
		};
/* End PBXFrameworksBuildPhase section */

/* Begin PBXGroup section */
		65195E7F2C5BCA2900D4BE8B /* View */ = {
			isa = PBXGroup;
			children = (
				65DFA3EA2C5A9B6A0090F4CE /* Main.storyboard */,
				65DFA3F22C5A9B6B0090F4CE /* LaunchScreen.storyboard */,
			);
			path = View;
			sourceTree = "<group>";
		};
		65195E812C5BCA4A00D4BE8B /* Main Controller */ = {
			isa = PBXGroup;
			children = (
				65DFA3E82C5A9B6A0090F4CE /* ViewController.swift */,
				65B689522C6246EF005259E7 /* NavigationController.swift */,
			);
			path = "Main Controller";
			sourceTree = "<group>";
		};
		65195E822C5BCA5700D4BE8B /* Model */ = {
			isa = PBXGroup;
			children = (
				65195E832C5BCB2400D4BE8B /* ButtonsModel.swift */,
				6594D9042C5FC26D00218F02 /* ButtonCell.swift */,
				65C51E9F2CAEEA7600A2D164 /* IconsModel.swift */,
				65C51EA32CAF17F900A2D164 /* IconCell.swift */,
				65BFBB4A2CB2DE2700074527 /* TintModel.swift */,
				65464A752CB7DE9E008AB2AD /* PickerModel.swift */,
				6551081C2D57C54200ADF404 /* UnitsModel.swift */,
			);
			path = Model;
			sourceTree = "<group>";
		};
		654EB3362D5F922F00BA2C3A /* Managers */ = {
			isa = PBXGroup;
			children = (
				659EE3492C93690600B39776 /* CoreDataManager.swift */,
				65706BC42CAE7D1E0033398C /* IconManager.swift */,
				659C6A692D58F074007995D5 /* AnimationManager.swift */,
				65DAAAE32DB26AF400023DBD /* GestureManager.swift */,
				654EB3342D5F91DF00BA2C3A /* LabelFormattingManager.swift */,
				656569662C7B37B8001D1F2B /* CopyLabel.swift */,
				659536062C7B43FF0036D99D /* PasteLabel.swift */,
			);
			path = Managers;
			sourceTree = "<group>";
		};
		654EB3372D5F924100BA2C3A /* Delegates */ = {
			isa = PBXGroup;
			children = (
				65DFA3E42C5A9B6A0090F4CE /* AppDelegate.swift */,
				65DFA3E62C5A9B6A0090F4CE /* SceneDelegate.swift */,
			);
			path = Delegates;
			sourceTree = "<group>";
		};
		654EB3382D5F928A00BA2C3A /* Other */ = {
			isa = PBXGroup;
			children = (
				65B288172D4A8E4B00A84FC7 /* Localizable.xcstrings */,
				65DFA3F02C5A9B6B0090F4CE /* Assets.xcassets */,
				65DFA3ED2C5A9B6A0090F4CE /* Better_Calc.xcdatamodeld */,
			);
			path = Other;
			sourceTree = "<group>";
		};
		655BC2DA2D5F95980096AB38 /* 8 row */ = {
			isa = PBXGroup;
			children = (
				655BC2D62D5F956A0096AB38 /* ResolutionViewController.swift */,
				655BC2D82D5F958C0096AB38 /* DataViewController.swift */,
				659B70162D96AE9700214456 /* DataHistoryController.swift */,
			);
			path = "8 row";
			sourceTree = "<group>";
		};
		65AB716D2C6159AE0086FA36 /* Controllers */ = {
			isa = PBXGroup;
			children = (
				65B689632C628B34005259E7 /* 1 row */,
				65B689642C628B41005259E7 /* 2 row */,
				65B689652C628B4C005259E7 /* 3 row */,
				65B689662C628B5B005259E7 /* 4 row */,
				65B6897C2C628DB1005259E7 /* 5 row */,
				65B6897D2C628DBA005259E7 /* 6 row */,
				65B6897E2C628DC6005259E7 /* 7 row */,
				655BC2DA2D5F95980096AB38 /* 8 row */,
				65B6897F2C628DCF005259E7 /* 9 row */,
				65B689822C628E38005259E7 /* 10 row */,
				65B689832C628E3E005259E7 /* 11 row */,
			);
			path = Controllers;
			sourceTree = "<group>";
		};
		65B689632C628B34005259E7 /* 1 row */ = {
			isa = PBXGroup;
			children = (
				65B689502C620FFD005259E7 /* BasicViewController.swift */,
				652EA1892C8B57CA00DD6803 /* BasicHistoryController.swift */,
				65B689552C628140005259E7 /* ScientificViewController.swift */,
			);
			path = "1 row";
			sourceTree = "<group>";
		};
		65B689642C628B41005259E7 /* 2 row */ = {
			isa = PBXGroup;
			children = (
				65B689572C6285AF005259E7 /* CurrencyViewController.swift */,
				65B689592C6285C7005259E7 /* CryptoViewController.swift */,
			);
			path = "2 row";
			sourceTree = "<group>";
		};
		65B689652C628B4C005259E7 /* 3 row */ = {
			isa = PBXGroup;
			children = (
				65B6895B2C6285D9005259E7 /* LengthViewController.swift */,
				65A98AB52D822663002B76B9 /* LengthHistoryController.swift */,
				65B6895D2C6285F1005259E7 /* AreaViewController.swift */,
				65F119B92D95472500B2EDB7 /* AreaHistoryController.swift */,
			);
			path = "3 row";
			sourceTree = "<group>";
		};
		65B689662C628B5B005259E7 /* 4 row */ = {
			isa = PBXGroup;
			children = (
				65B6895F2C62864A005259E7 /* VolumeViewController.swift */,
				65F119BB2D95A0E400B2EDB7 /* VolumeHistoryController.swift */,
				65B689612C628661005259E7 /* TemperatureViewController.swift */,
				65EE7A302D95A521006F2F84 /* TemperatureHistoryController.swift */,
			);
			path = "4 row";
			sourceTree = "<group>";
		};
		65B6897C2C628DB1005259E7 /* 5 row */ = {
			isa = PBXGroup;
			children = (
				65B689672C628B74005259E7 /* DateViewController.swift */,
				65B689692C628B84005259E7 /* AgeViewController.swift */,
			);
			path = "5 row";
			sourceTree = "<group>";
		};
		65B6897D2C628DBA005259E7 /* 6 row */ = {
			isa = PBXGroup;
			children = (
				65B6896B2C628B99005259E7 /* TimeViewController.swift */,
				659B700C2D969A0A00214456 /* TimeHistoryController.swift */,
				65B6896D2C628BD3005259E7 /* SpeedViewController.swift */,
				659B700E2D96A48A00214456 /* SpeedHistoryController.swift */,
			);
			path = "6 row";
			sourceTree = "<group>";
		};
		65B6897E2C628DC6005259E7 /* 7 row */ = {
			isa = PBXGroup;
			children = (
				65B6896F2C628BE5005259E7 /* MassViewController.swift */,
				659B70102D96AA0F00214456 /* MassHistoryController.swift */,
				65B689802C628E22005259E7 /* CountViewController.swift */,
				659B70122D96ADB300214456 /* CountHistoryController.swift */,
			);
			path = "7 row";
			sourceTree = "<group>";
		};
		65B6897F2C628DCF005259E7 /* 9 row */ = {
			isa = PBXGroup;
			children = (
				65B689712C628BF7005259E7 /* DiscountViewController.swift */,
				65B689732C628C0B005259E7 /* InvestmentViewController.swift */,
			);
			path = "9 row";
			sourceTree = "<group>";
		};
		65B689822C628E38005259E7 /* 10 row */ = {
			isa = PBXGroup;
			children = (
				65B689762C628D57005259E7 /* LoanViewController.swift */,
				65B689782C628D8E005259E7 /* TipsViewController.swift */,
			);
			path = "10 row";
			sourceTree = "<group>";
		};
		65B689832C628E3E005259E7 /* 11 row */ = {
			isa = PBXGroup;
			children = (
				65B6897A2C628DA3005259E7 /* BmiViewController.swift */,
				6557D71E2CAB247800381649 /* SettingsViewController.swift */,
			);
			path = "11 row";
			sourceTree = "<group>";
		};
		65DFA3D82C5A9B6A0090F4CE = {
			isa = PBXGroup;
			children = (
				650816442D7BA686000F8B68 /* Settings.bundle */,
				65DFA3E32C5A9B6A0090F4CE /* Better Calc */,
				65FDD8DE2DB1095800A1A6E3 /* BetterCalcControlWidget */,
				65FDD8D92DB1095800A1A6E3 /* Frameworks */,
				65DFA3E22C5A9B6A0090F4CE /* Products */,
			);
			sourceTree = "<group>";
		};
		65DFA3E22C5A9B6A0090F4CE /* Products */ = {
			isa = PBXGroup;
			children = (
				65DFA3E12C5A9B6A0090F4CE /* Better Calc.app */,
				65FDD8D82DB1095800A1A6E3 /* BetterCalcControlWidgetExtension.appex */,
			);
			name = Products;
			sourceTree = "<group>";
		};
		65DFA3E32C5A9B6A0090F4CE /* Better Calc */ = {
			isa = PBXGroup;
			children = (
				654EB3362D5F922F00BA2C3A /* Managers */,
				654EB3372D5F924100BA2C3A /* Delegates */,
				65195E812C5BCA4A00D4BE8B /* Main Controller */,
				65AB716D2C6159AE0086FA36 /* Controllers */,
				65195E7F2C5BCA2900D4BE8B /* View */,
				65195E822C5BCA5700D4BE8B /* Model */,
				654EB3382D5F928A00BA2C3A /* Other */,
				65DFA3F52C5A9B6B0090F4CE /* Info.plist */,
			);
			path = "Better Calc";
			sourceTree = "<group>";
		};
		65FDD8D92DB1095800A1A6E3 /* Frameworks */ = {
			isa = PBXGroup;
			children = (
				65FDD8DA2DB1095800A1A6E3 /* WidgetKit.framework */,
				65FDD8DC2DB1095800A1A6E3 /* SwiftUI.framework */,
			);
			name = Frameworks;
			sourceTree = "<group>";
		};
/* End PBXGroup section */

/* Begin PBXNativeTarget section */
		65DFA3E02C5A9B6A0090F4CE /* Better Calc */ = {
			isa = PBXNativeTarget;
			buildConfigurationList = 65DFA3F82C5A9B6B0090F4CE /* Build configuration list for PBXNativeTarget "Better Calc" */;
			buildPhases = (
				65DFA3DD2C5A9B6A0090F4CE /* Sources */,
				65DFA3DE2C5A9B6A0090F4CE /* Frameworks */,
				65DFA3DF2C5A9B6A0090F4CE /* Resources */,
				65FDD8EF2DB1095900A1A6E3 /* Embed Foundation Extensions */,
			);
			buildRules = (
			);
			dependencies = (
				65FDD8ED2DB1095900A1A6E3 /* PBXTargetDependency */,
			);
			name = "Better Calc";
			productName = "Better Calc";
			productReference = 65DFA3E12C5A9B6A0090F4CE /* Better Calc.app */;
			productType = "com.apple.product-type.application";
		};
		65FDD8D72DB1095800A1A6E3 /* BetterCalcControlWidgetExtension */ = {
			isa = PBXNativeTarget;
			buildConfigurationList = 65FDD8F32DB1095900A1A6E3 /* Build configuration list for PBXNativeTarget "BetterCalcControlWidgetExtension" */;
			buildPhases = (
				65FDD8D42DB1095800A1A6E3 /* Sources */,
				65FDD8D52DB1095800A1A6E3 /* Frameworks */,
				65FDD8D62DB1095800A1A6E3 /* Resources */,
			);
			buildRules = (
			);
			dependencies = (
			);
			fileSystemSynchronizedGroups = (
				65FDD8DE2DB1095800A1A6E3 /* BetterCalcControlWidget */,
			);
			name = BetterCalcControlWidgetExtension;
			packageProductDependencies = (
			);
			productName = BetterCalcControlWidgetExtension;
			productReference = 65FDD8D82DB1095800A1A6E3 /* BetterCalcControlWidgetExtension.appex */;
			productType = "com.apple.product-type.app-extension";
		};
/* End PBXNativeTarget section */

/* Begin PBXProject section */
		65DFA3D92C5A9B6A0090F4CE /* Project object */ = {
			isa = PBXProject;
			attributes = {
				BuildIndependentTargetsInParallel = 1;
				LastSwiftUpdateCheck = 1620;
				LastUpgradeCheck = 1540;
				TargetAttributes = {
					65DFA3E02C5A9B6A0090F4CE = {
						CreatedOnToolsVersion = 15.4;
					};
					65FDD8D72DB1095800A1A6E3 = {
						CreatedOnToolsVersion = 16.2;
					};
				};
			};
			buildConfigurationList = 65DFA3DC2C5A9B6A0090F4CE /* Build configuration list for PBXProject "Better Calc" */;
			compatibilityVersion = "Xcode 15.0";
			developmentRegion = en;
			hasScannedForEncodings = 0;
			knownRegions = (
				Base,
				uk,
				fr,
				de,
				it,
				es,
				nl,
				pl,
				"pt-PT",
				sv,
				ja,
				"zh-Hans",
				ko,
				tr,
				en,
			);
			mainGroup = 65DFA3D82C5A9B6A0090F4CE;
			packageReferences = (
				6590AA3C2D2D7C3200B969EC /* XCLocalSwiftPackageReference "../Xcode Packages/PillboxView-0.1.6" */,
			);
			productRefGroup = 65DFA3E22C5A9B6A0090F4CE /* Products */;
			projectDirPath = "";
			projectRoot = "";
			targets = (
				65DFA3E02C5A9B6A0090F4CE /* Better Calc */,
				65FDD8D72DB1095800A1A6E3 /* BetterCalcControlWidgetExtension */,
			);
		};
/* End PBXProject section */

/* Begin PBXResourcesBuildPhase section */
		65DFA3DF2C5A9B6A0090F4CE /* Resources */ = {
			isa = PBXResourcesBuildPhase;
			buildActionMask = 2147483647;
			files = (
				65DFA3F12C5A9B6B0090F4CE /* Assets.xcassets in Resources */,
				65B288182D4A8E4B00A84FC7 /* Localizable.xcstrings in Resources */,
				650816452D7BA686000F8B68 /* Settings.bundle in Resources */,
				65B2883C2D4ABB3300A84FC7 /* Main.storyboard in Resources */,
				65DFA3F42C5A9B6B0090F4CE /* Base in Resources */,
			);
			runOnlyForDeploymentPostprocessing = 0;
		};
		65FDD8D62DB1095800A1A6E3 /* Resources */ = {
			isa = PBXResourcesBuildPhase;
			buildActionMask = 2147483647;
			files = (
				65FDD8F52DB11CEF00A1A6E3 /* Assets.xcassets in Resources */,
			);
			runOnlyForDeploymentPostprocessing = 0;
		};
/* End PBXResourcesBuildPhase section */

/* Begin PBXSourcesBuildPhase section */
		65DFA3DD2C5A9B6A0090F4CE /* Sources */ = {
			isa = PBXSourcesBuildPhase;
			buildActionMask = 2147483647;
			files = (
				65B6896C2C628B99005259E7 /* TimeViewController.swift in Sources */,
				65DFA3EF2C5A9B6A0090F4CE /* Better_Calc.xcdatamodeld in Sources */,
				65C51EA02CAEEA7600A2D164 /* IconsModel.swift in Sources */,
				659C6A6A2D58F084007995D5 /* AnimationManager.swift in Sources */,
				65DAAAE42DB26AF400023DBD /* GestureManager.swift in Sources */,
				65195E842C5BCB2400D4BE8B /* ButtonsModel.swift in Sources */,
				65B6896A2C628B84005259E7 /* AgeViewController.swift in Sources */,
				65464A762CB7DEA3008AB2AD /* PickerModel.swift in Sources */,
				659B70132D96ADB300214456 /* CountHistoryController.swift in Sources */,
				655BC2D72D5F956A0096AB38 /* ResolutionViewController.swift in Sources */,
				65B689772C628D57005259E7 /* LoanViewController.swift in Sources */,
				656569672C7B37B8001D1F2B /* CopyLabel.swift in Sources */,
				65DFA3E92C5A9B6A0090F4CE /* ViewController.swift in Sources */,
				6557D71F2CAB247800381649 /* SettingsViewController.swift in Sources */,
				65B689532C6246EF005259E7 /* NavigationController.swift in Sources */,
				65C51EA42CAF17F900A2D164 /* IconCell.swift in Sources */,
				659B700F2D96A48A00214456 /* SpeedHistoryController.swift in Sources */,
				659B70172D96AE9700214456 /* DataHistoryController.swift in Sources */,
				654EB3352D5F91EB00BA2C3A /* LabelFormattingManager.swift in Sources */,
				659B70112D96AA0F00214456 /* MassHistoryController.swift in Sources */,
				659B700D2D969A0A00214456 /* TimeHistoryController.swift in Sources */,
				652EA18A2C8B57CA00DD6803 /* BasicHistoryController.swift in Sources */,
				65F119BA2D95472500B2EDB7 /* AreaHistoryController.swift in Sources */,
				65EE7A312D95A521006F2F84 /* TemperatureHistoryController.swift in Sources */,
				65B6895A2C6285C7005259E7 /* CryptoViewController.swift in Sources */,
				65B6897B2C628DA3005259E7 /* BmiViewController.swift in Sources */,
				65DFA3E52C5A9B6A0090F4CE /* AppDelegate.swift in Sources */,
				65B689622C628661005259E7 /* TemperatureViewController.swift in Sources */,
				65A98AB62D822663002B76B9 /* LengthHistoryController.swift in Sources */,
				65B689792C628D8E005259E7 /* TipsViewController.swift in Sources */,
				655BC2D92D5F958C0096AB38 /* DataViewController.swift in Sources */,
				65B6895C2C6285D9005259E7 /* LengthViewController.swift in Sources */,
				65DFA3E72C5A9B6A0090F4CE /* SceneDelegate.swift in Sources */,
				65F119BC2D95A0E400B2EDB7 /* VolumeHistoryController.swift in Sources */,
				65B689562C628140005259E7 /* ScientificViewController.swift in Sources */,
				65B689742C628C0B005259E7 /* InvestmentViewController.swift in Sources */,
				65706BC52CAE7D1E0033398C /* IconManager.swift in Sources */,
				6594D9052C5FC26D00218F02 /* ButtonCell.swift in Sources */,
				65B689602C62864A005259E7 /* VolumeViewController.swift in Sources */,
				65B6895E2C6285F1005259E7 /* AreaViewController.swift in Sources */,
				6551081D2D57C55400ADF404 /* UnitsModel.swift in Sources */,
				65B6896E2C628BD3005259E7 /* SpeedViewController.swift in Sources */,
				65B689722C628BF7005259E7 /* DiscountViewController.swift in Sources */,
				65B689702C628BE5005259E7 /* MassViewController.swift in Sources */,
				65B689582C6285AF005259E7 /* CurrencyViewController.swift in Sources */,
				65B689812C628E22005259E7 /* CountViewController.swift in Sources */,
				65B689512C620FFD005259E7 /* BasicViewController.swift in Sources */,
				659536072C7B43FF0036D99D /* PasteLabel.swift in Sources */,
				65B689682C628B74005259E7 /* DateViewController.swift in Sources */,
				65BFBB4B2CB2DE2700074527 /* TintModel.swift in Sources */,
				659EE34A2C93690600B39776 /* CoreDataManager.swift in Sources */,
			);
			runOnlyForDeploymentPostprocessing = 0;
		};
		65FDD8D42DB1095800A1A6E3 /* Sources */ = {
			isa = PBXSourcesBuildPhase;
			buildActionMask = 2147483647;
			files = (
			);
			runOnlyForDeploymentPostprocessing = 0;
		};
/* End PBXSourcesBuildPhase section */

/* Begin PBXTargetDependency section */
		65FDD8ED2DB1095900A1A6E3 /* PBXTargetDependency */ = {
			isa = PBXTargetDependency;
			target = 65FDD8D72DB1095800A1A6E3 /* BetterCalcControlWidgetExtension */;
			targetProxy = 65FDD8EC2DB1095900A1A6E3 /* PBXContainerItemProxy */;
		};
/* End PBXTargetDependency section */

/* Begin PBXVariantGroup section */
		65DFA3EA2C5A9B6A0090F4CE /* Main.storyboard */ = {
			isa = PBXVariantGroup;
			children = (
				65DFA3EB2C5A9B6A0090F4CE /* Base */,
				65B2881B2D4A94B800A84FC7 /* fr */,
				65B2881D2D4A94BC00A84FC7 /* de */,
				65B2881F2D4A94C600A84FC7 /* it */,
				65B288212D4A954000A84FC7 /* es */,
				65B288232D4A955B00A84FC7 /* nl */,
				65B288252D4A956000A84FC7 /* pl */,
				65B288292D4A957700A84FC7 /* pt-PT */,
				65B2882B2D4A957F00A84FC7 /* sv */,
				65B2882D2D4A958400A84FC7 /* ja */,
				65B2882F2D4A959100A84FC7 /* zh-Hans */,
				65B288312D4A95C900A84FC7 /* ko */,
				65B288352D4A961800A84FC7 /* tr */,
				65B288392D4A964400A84FC7 /* en */,
				65AD668E2D9D99DA0000C562 /* uk */,
			);
			name = Main.storyboard;
			sourceTree = "<group>";
		};
		65DFA3F22C5A9B6B0090F4CE /* LaunchScreen.storyboard */ = {
			isa = PBXVariantGroup;
			children = (
				65DFA3F32C5A9B6B0090F4CE /* Base */,
				65B2881A2D4A93BA00A84FC7 /* uk */,
				65B2881C2D4A94B800A84FC7 /* fr */,
				65B2881E2D4A94BC00A84FC7 /* de */,
				65B288202D4A94C600A84FC7 /* it */,
				65B288222D4A954000A84FC7 /* es */,
				65B288242D4A955B00A84FC7 /* nl */,
				65B288262D4A956000A84FC7 /* pl */,
				65B2882A2D4A957700A84FC7 /* pt-PT */,
				65B2882C2D4A957F00A84FC7 /* sv */,
				65B2882E2D4A958400A84FC7 /* ja */,
				65B288302D4A959100A84FC7 /* zh-Hans */,
				65B288322D4A95C900A84FC7 /* ko */,
				65B288362D4A961800A84FC7 /* tr */,
				65B2883A2D4A964400A84FC7 /* en */,
			);
			name = LaunchScreen.storyboard;
			sourceTree = "<group>";
		};
/* End PBXVariantGroup section */

/* Begin XCBuildConfiguration section */
		65DFA3F62C5A9B6B0090F4CE /* Debug */ = {
			isa = XCBuildConfiguration;
			buildSettings = {
				ALWAYS_SEARCH_USER_PATHS = NO;
				ASSETCATALOG_COMPILER_GENERATE_SWIFT_ASSET_SYMBOL_EXTENSIONS = YES;
				CLANG_ANALYZER_LOCALIZABILITY_NONLOCALIZED = YES;
				CLANG_ANALYZER_NONNULL = YES;
				CLANG_ANALYZER_NUMBER_OBJECT_CONVERSION = YES_AGGRESSIVE;
				CLANG_CXX_LANGUAGE_STANDARD = "gnu++20";
				CLANG_ENABLE_MODULES = YES;
				CLANG_ENABLE_OBJC_ARC = YES;
				CLANG_ENABLE_OBJC_WEAK = YES;
				CLANG_WARN_BLOCK_CAPTURE_AUTORELEASING = YES;
				CLANG_WARN_BOOL_CONVERSION = YES;
				CLANG_WARN_COMMA = YES;
				CLANG_WARN_CONSTANT_CONVERSION = YES;
				CLANG_WARN_DEPRECATED_OBJC_IMPLEMENTATIONS = YES;
				CLANG_WARN_DIRECT_OBJC_ISA_USAGE = YES_ERROR;
				CLANG_WARN_DOCUMENTATION_COMMENTS = YES;
				CLANG_WARN_EMPTY_BODY = YES;
				CLANG_WARN_ENUM_CONVERSION = YES;
				CLANG_WARN_INFINITE_RECURSION = YES;
				CLANG_WARN_INT_CONVERSION = YES;
				CLANG_WARN_NON_LITERAL_NULL_CONVERSION = YES;
				CLANG_WARN_OBJC_IMPLICIT_RETAIN_SELF = YES;
				CLANG_WARN_OBJC_LITERAL_CONVERSION = YES;
				CLANG_WARN_OBJC_ROOT_CLASS = YES_ERROR;
				CLANG_WARN_QUOTED_INCLUDE_IN_FRAMEWORK_HEADER = YES;
				CLANG_WARN_RANGE_LOOP_ANALYSIS = YES;
				CLANG_WARN_STRICT_PROTOTYPES = YES;
				CLANG_WARN_SUSPICIOUS_MOVE = YES;
				CLANG_WARN_UNGUARDED_AVAILABILITY = YES_AGGRESSIVE;
				CLANG_WARN_UNREACHABLE_CODE = YES;
				CLANG_WARN__DUPLICATE_METHOD_MATCH = YES;
				COPY_PHASE_STRIP = NO;
				DEBUG_INFORMATION_FORMAT = dwarf;
				ENABLE_STRICT_OBJC_MSGSEND = YES;
				ENABLE_TESTABILITY = YES;
				ENABLE_USER_SCRIPT_SANDBOXING = YES;
				GCC_C_LANGUAGE_STANDARD = gnu17;
				GCC_DYNAMIC_NO_PIC = NO;
				GCC_NO_COMMON_BLOCKS = YES;
				GCC_OPTIMIZATION_LEVEL = 0;
				GCC_PREPROCESSOR_DEFINITIONS = (
					"DEBUG=1",
					"$(inherited)",
				);
				GCC_WARN_64_TO_32_BIT_CONVERSION = YES;
				GCC_WARN_ABOUT_RETURN_TYPE = YES_ERROR;
				GCC_WARN_UNDECLARED_SELECTOR = YES;
				GCC_WARN_UNINITIALIZED_AUTOS = YES_AGGRESSIVE;
				GCC_WARN_UNUSED_FUNCTION = YES;
				GCC_WARN_UNUSED_VARIABLE = YES;
				IPHONEOS_DEPLOYMENT_TARGET = 16.0;
				LOCALIZATION_PREFERS_STRING_CATALOGS = YES;
				MTL_ENABLE_DEBUG_INFO = INCLUDE_SOURCE;
				MTL_FAST_MATH = YES;
				ONLY_ACTIVE_ARCH = YES;
				SDKROOT = iphoneos;
				SWIFT_ACTIVE_COMPILATION_CONDITIONS = "DEBUG $(inherited)";
				SWIFT_EMIT_LOC_STRINGS = YES;
				SWIFT_OPTIMIZATION_LEVEL = "-Onone";
			};
			name = Debug;
		};
		65DFA3F72C5A9B6B0090F4CE /* Release */ = {
			isa = XCBuildConfiguration;
			buildSettings = {
				ALWAYS_SEARCH_USER_PATHS = NO;
				ASSETCATALOG_COMPILER_GENERATE_SWIFT_ASSET_SYMBOL_EXTENSIONS = YES;
				CLANG_ANALYZER_LOCALIZABILITY_NONLOCALIZED = YES;
				CLANG_ANALYZER_NONNULL = YES;
				CLANG_ANALYZER_NUMBER_OBJECT_CONVERSION = YES_AGGRESSIVE;
				CLANG_CXX_LANGUAGE_STANDARD = "gnu++20";
				CLANG_ENABLE_MODULES = YES;
				CLANG_ENABLE_OBJC_ARC = YES;
				CLANG_ENABLE_OBJC_WEAK = YES;
				CLANG_WARN_BLOCK_CAPTURE_AUTORELEASING = YES;
				CLANG_WARN_BOOL_CONVERSION = YES;
				CLANG_WARN_COMMA = YES;
				CLANG_WARN_CONSTANT_CONVERSION = YES;
				CLANG_WARN_DEPRECATED_OBJC_IMPLEMENTATIONS = YES;
				CLANG_WARN_DIRECT_OBJC_ISA_USAGE = YES_ERROR;
				CLANG_WARN_DOCUMENTATION_COMMENTS = YES;
				CLANG_WARN_EMPTY_BODY = YES;
				CLANG_WARN_ENUM_CONVERSION = YES;
				CLANG_WARN_INFINITE_RECURSION = YES;
				CLANG_WARN_INT_CONVERSION = YES;
				CLANG_WARN_NON_LITERAL_NULL_CONVERSION = YES;
				CLANG_WARN_OBJC_IMPLICIT_RETAIN_SELF = YES;
				CLANG_WARN_OBJC_LITERAL_CONVERSION = YES;
				CLANG_WARN_OBJC_ROOT_CLASS = YES_ERROR;
				CLANG_WARN_QUOTED_INCLUDE_IN_FRAMEWORK_HEADER = YES;
				CLANG_WARN_RANGE_LOOP_ANALYSIS = YES;
				CLANG_WARN_STRICT_PROTOTYPES = YES;
				CLANG_WARN_SUSPICIOUS_MOVE = YES;
				CLANG_WARN_UNGUARDED_AVAILABILITY = YES_AGGRESSIVE;
				CLANG_WARN_UNREACHABLE_CODE = YES;
				CLANG_WARN__DUPLICATE_METHOD_MATCH = YES;
				COPY_PHASE_STRIP = NO;
				DEBUG_INFORMATION_FORMAT = "dwarf-with-dsym";
				ENABLE_NS_ASSERTIONS = NO;
				ENABLE_STRICT_OBJC_MSGSEND = YES;
				ENABLE_USER_SCRIPT_SANDBOXING = YES;
				GCC_C_LANGUAGE_STANDARD = gnu17;
				GCC_NO_COMMON_BLOCKS = YES;
				GCC_WARN_64_TO_32_BIT_CONVERSION = YES;
				GCC_WARN_ABOUT_RETURN_TYPE = YES_ERROR;
				GCC_WARN_UNDECLARED_SELECTOR = YES;
				GCC_WARN_UNINITIALIZED_AUTOS = YES_AGGRESSIVE;
				GCC_WARN_UNUSED_FUNCTION = YES;
				GCC_WARN_UNUSED_VARIABLE = YES;
				IPHONEOS_DEPLOYMENT_TARGET = 16.0;
				LOCALIZATION_PREFERS_STRING_CATALOGS = YES;
				MTL_ENABLE_DEBUG_INFO = NO;
				MTL_FAST_MATH = YES;
				SDKROOT = iphoneos;
				SWIFT_COMPILATION_MODE = wholemodule;
				SWIFT_EMIT_LOC_STRINGS = YES;
				VALIDATE_PRODUCT = YES;
			};
			name = Release;
		};
		65DFA3F92C5A9B6B0090F4CE /* Debug */ = {
			isa = XCBuildConfiguration;
			buildSettings = {
				ASSETCATALOG_COMPILER_ALTERNATE_APPICON_NAMES = "";
				ASSETCATALOG_COMPILER_APPICON_NAME = AppIcon;
				ASSETCATALOG_COMPILER_INCLUDE_ALL_APPICON_ASSETS = YES;
				CODE_SIGN_STYLE = Automatic;
				CURRENT_PROJECT_VERSION = 1;
				DEVELOPMENT_TEAM = SVFF6W5Y6W;
				EXCLUDED_ARCHS = "";
				GENERATE_INFOPLIST_FILE = YES;
				INFOPLIST_FILE = "Better Calc/Info.plist";
				INFOPLIST_KEY_CFBundleDisplayName = "Better Calc";
				INFOPLIST_KEY_LSApplicationCategoryType = "public.app-category.utilities";
				INFOPLIST_KEY_UIApplicationSupportsIndirectInputEvents = YES;
				INFOPLIST_KEY_UILaunchStoryboardName = LaunchScreen;
				INFOPLIST_KEY_UIMainStoryboardFile = Main;
				INFOPLIST_KEY_UIStatusBarHidden = YES;
				INFOPLIST_KEY_UIStatusBarStyle = UIStatusBarStyleLightContent;
				INFOPLIST_KEY_UISupportedInterfaceOrientations = UIInterfaceOrientationPortrait;
				INFOPLIST_KEY_UISupportedInterfaceOrientations_iPad = "UIInterfaceOrientationLandscapeLeft UIInterfaceOrientationLandscapeRight UIInterfaceOrientationPortrait UIInterfaceOrientationPortraitUpsideDown";
				IPHONEOS_DEPLOYMENT_TARGET = 16;
				LD_RUNPATH_SEARCH_PATHS = (
					"$(inherited)",
					"@executable_path/Frameworks",
				);
				MARKETING_VERSION = 1.0;
				PRODUCT_BUNDLE_IDENTIFIER = "com.danielhusiuk.Better-Calc";
				PRODUCT_NAME = "$(TARGET_NAME)";
				SUPPORTED_PLATFORMS = "iphoneos iphonesimulator";
				SUPPORTS_MACCATALYST = NO;
				SUPPORTS_MAC_DESIGNED_FOR_IPHONE_IPAD = NO;
				SUPPORTS_XR_DESIGNED_FOR_IPHONE_IPAD = NO;
				SWIFT_EMIT_LOC_STRINGS = YES;
				SWIFT_VERSION = 5.0;
				TARGETED_DEVICE_FAMILY = 1;
			};
			name = Debug;
		};
		65DFA3FA2C5A9B6B0090F4CE /* Release */ = {
			isa = XCBuildConfiguration;
			buildSettings = {
				ASSETCATALOG_COMPILER_ALTERNATE_APPICON_NAMES = "";
				ASSETCATALOG_COMPILER_APPICON_NAME = AppIcon;
				ASSETCATALOG_COMPILER_INCLUDE_ALL_APPICON_ASSETS = YES;
				CODE_SIGN_STYLE = Automatic;
				CURRENT_PROJECT_VERSION = 1;
				DEVELOPMENT_TEAM = SVFF6W5Y6W;
				EXCLUDED_ARCHS = "";
				GENERATE_INFOPLIST_FILE = YES;
				INFOPLIST_FILE = "Better Calc/Info.plist";
				INFOPLIST_KEY_CFBundleDisplayName = "Better Calc";
				INFOPLIST_KEY_LSApplicationCategoryType = "public.app-category.utilities";
				INFOPLIST_KEY_UIApplicationSupportsIndirectInputEvents = YES;
				INFOPLIST_KEY_UILaunchStoryboardName = LaunchScreen;
				INFOPLIST_KEY_UIMainStoryboardFile = Main;
				INFOPLIST_KEY_UIStatusBarHidden = YES;
				INFOPLIST_KEY_UIStatusBarStyle = UIStatusBarStyleLightContent;
				INFOPLIST_KEY_UISupportedInterfaceOrientations = UIInterfaceOrientationPortrait;
				INFOPLIST_KEY_UISupportedInterfaceOrientations_iPad = "UIInterfaceOrientationLandscapeLeft UIInterfaceOrientationLandscapeRight UIInterfaceOrientationPortrait UIInterfaceOrientationPortraitUpsideDown";
				IPHONEOS_DEPLOYMENT_TARGET = 16;
				LD_RUNPATH_SEARCH_PATHS = (
					"$(inherited)",
					"@executable_path/Frameworks",
				);
				MARKETING_VERSION = 1.0;
				PRODUCT_BUNDLE_IDENTIFIER = "com.danielhusiuk.Better-Calc";
				PRODUCT_NAME = "$(TARGET_NAME)";
				SUPPORTED_PLATFORMS = "iphoneos iphonesimulator";
				SUPPORTS_MACCATALYST = NO;
				SUPPORTS_MAC_DESIGNED_FOR_IPHONE_IPAD = NO;
				SUPPORTS_XR_DESIGNED_FOR_IPHONE_IPAD = NO;
				SWIFT_EMIT_LOC_STRINGS = YES;
				SWIFT_VERSION = 5.0;
				TARGETED_DEVICE_FAMILY = 1;
			};
			name = Release;
		};
		65FDD8F02DB1095900A1A6E3 /* Debug */ = {
			isa = XCBuildConfiguration;
			buildSettings = {
				ASSETCATALOG_COMPILER_GLOBAL_ACCENT_COLOR_NAME = AccentColor;
				ASSETCATALOG_COMPILER_WIDGET_BACKGROUND_COLOR_NAME = WidgetBackground;
				CODE_SIGN_STYLE = Automatic;
				CURRENT_PROJECT_VERSION = 1;
				DEVELOPMENT_TEAM = SVFF6W5Y6W;
				GENERATE_INFOPLIST_FILE = YES;
				INFOPLIST_FILE = BetterCalcControlWidget/Info.plist;
				INFOPLIST_KEY_CFBundleDisplayName = BetterCalcControlWidget;
				INFOPLIST_KEY_NSHumanReadableCopyright = "";
				IPHONEOS_DEPLOYMENT_TARGET = 18.2;
				LD_RUNPATH_SEARCH_PATHS = (
					"$(inherited)",
					"@executable_path/Frameworks",
					"@executable_path/../../Frameworks",
				);
				MARKETING_VERSION = 1.0;
				PRODUCT_BUNDLE_IDENTIFIER = "com.danielhusiuk.Better-Calc.BetterCalcControlWidget";
				PRODUCT_NAME = "$(TARGET_NAME)";
				SKIP_INSTALL = YES;
				SWIFT_EMIT_LOC_STRINGS = YES;
				SWIFT_VERSION = 5.0;
				TARGETED_DEVICE_FAMILY = "1,2";
			};
			name = Debug;
		};
		65FDD8F12DB1095900A1A6E3 /* Release */ = {
			isa = XCBuildConfiguration;
			buildSettings = {
				ASSETCATALOG_COMPILER_GLOBAL_ACCENT_COLOR_NAME = AccentColor;
				ASSETCATALOG_COMPILER_WIDGET_BACKGROUND_COLOR_NAME = WidgetBackground;
				CODE_SIGN_STYLE = Automatic;
				CURRENT_PROJECT_VERSION = 1;
				DEVELOPMENT_TEAM = SVFF6W5Y6W;
				GENERATE_INFOPLIST_FILE = YES;
				INFOPLIST_FILE = BetterCalcControlWidget/Info.plist;
				INFOPLIST_KEY_CFBundleDisplayName = BetterCalcControlWidget;
				INFOPLIST_KEY_NSHumanReadableCopyright = "";
				IPHONEOS_DEPLOYMENT_TARGET = 18.2;
				LD_RUNPATH_SEARCH_PATHS = (
					"$(inherited)",
					"@executable_path/Frameworks",
					"@executable_path/../../Frameworks",
				);
				MARKETING_VERSION = 1.0;
				PRODUCT_BUNDLE_IDENTIFIER = "com.danielhusiuk.Better-Calc.BetterCalcControlWidget";
				PRODUCT_NAME = "$(TARGET_NAME)";
				SKIP_INSTALL = YES;
				SWIFT_EMIT_LOC_STRINGS = YES;
				SWIFT_VERSION = 5.0;
				TARGETED_DEVICE_FAMILY = "1,2";
			};
			name = Release;
		};
/* End XCBuildConfiguration section */

/* Begin XCConfigurationList section */
		65DFA3DC2C5A9B6A0090F4CE /* Build configuration list for PBXProject "Better Calc" */ = {
			isa = XCConfigurationList;
			buildConfigurations = (
				65DFA3F62C5A9B6B0090F4CE /* Debug */,
				65DFA3F72C5A9B6B0090F4CE /* Release */,
			);
			defaultConfigurationIsVisible = 0;
			defaultConfigurationName = Debug;
		};
		65DFA3F82C5A9B6B0090F4CE /* Build configuration list for PBXNativeTarget "Better Calc" */ = {
			isa = XCConfigurationList;
			buildConfigurations = (
				65DFA3F92C5A9B6B0090F4CE /* Debug */,
				65DFA3FA2C5A9B6B0090F4CE /* Release */,
			);
			defaultConfigurationIsVisible = 0;
			defaultConfigurationName = Debug;
		};
		65FDD8F32DB1095900A1A6E3 /* Build configuration list for PBXNativeTarget "BetterCalcControlWidgetExtension" */ = {
			isa = XCConfigurationList;
			buildConfigurations = (
				65FDD8F02DB1095900A1A6E3 /* Debug */,
				65FDD8F12DB1095900A1A6E3 /* Release */,
			);
			defaultConfigurationIsVisible = 0;
			defaultConfigurationName = Debug;
		};
/* End XCConfigurationList section */

/* Begin XCLocalSwiftPackageReference section */
		6590AA3C2D2D7C3200B969EC /* XCLocalSwiftPackageReference "../Xcode Packages/PillboxView-0.1.6" */ = {
			isa = XCLocalSwiftPackageReference;
			relativePath = "../Xcode Packages/PillboxView-0.1.6";
		};
/* End XCLocalSwiftPackageReference section */

/* Begin XCRemoteSwiftPackageReference section */
		655151ED2D2D6FD7000B99D8 /* XCRemoteSwiftPackageReference "PillboxView" */ = {
			isa = XCRemoteSwiftPackageReference;
			repositoryURL = "https://github.com/Awesomeplayer165/PillboxView";
			requirement = {
				kind = upToNextMajorVersion;
				minimumVersion = 0.1.1;
			};
		};
/* End XCRemoteSwiftPackageReference section */

/* Begin XCSwiftPackageProductDependency section */
		655151EE2D2D6FD7000B99D8 /* PillboxView */ = {
			isa = XCSwiftPackageProductDependency;
			package = 655151ED2D2D6FD7000B99D8 /* XCRemoteSwiftPackageReference "PillboxView" */;
			productName = PillboxView;
		};
		6590AA3D2D2D7C3200B969EC /* PillboxView */ = {
			isa = XCSwiftPackageProductDependency;
			productName = PillboxView;
		};
/* End XCSwiftPackageProductDependency section */

/* Begin XCVersionGroup section */
		65DFA3ED2C5A9B6A0090F4CE /* Better_Calc.xcdatamodeld */ = {
			isa = XCVersionGroup;
			children = (
				65DFA3EE2C5A9B6A0090F4CE /* Better_Calc.xcdatamodel */,
			);
			currentVersion = 65DFA3EE2C5A9B6A0090F4CE /* Better_Calc.xcdatamodel */;
			path = Better_Calc.xcdatamodeld;
			sourceTree = "<group>";
			versionGroupType = wrapper.xcdatamodel;
		};
/* End XCVersionGroup section */
	};
	rootObject = 65DFA3D92C5A9B6A0090F4CE /* Project object */;
}
